
Microsoft Visual Studio Solution File, Format Version 12.00
# Visual Studio Version 16
VisualStudioVersion = 16.0.28729.10
MinimumVisualStudioVersion = 10.0.40219.1
Project("{9A19103F-16F7-4668-BE54-9A1E7A4F7556}") = "BossTeleportPercent", "BossTeleportPercent\BossTeleportPercent.csproj", "{532A698C-4A64-432D-A691-0F7EEA355101}"
EndProject
Project("{9A19103F-16F7-4668-BE54-9A1E7A4F7556}") = "DebugCheats", "DebugCheats\DebugCheats.csproj", "{4B3E3219-7E0F-479B-A90D-BECB4FA5C649}"
EndProject
Project("{9A19103F-16F7-4668-BE54-9A1E7A4F7556}") = "UnosUtilities", "UnosUtilities\UnosUtilities.csproj", "{4821641A-8889-4642-BA7E-2B2458E06E21}"
EndProject
Project("{9A19103F-16F7-4668-BE54-9A1E7A4F7556}") = "InfoOnPing", "InfoOnPing\InfoOnPing.csproj", "{743F0BF8-3023-4185-8C72-E839139B2891}"
	ProjectSection(ProjectDependencies) = postProject
		{4821641A-8889-4642-BA7E-2B2458E06E21} = {4821641A-8889-4642-BA7E-2B2458E06E21}
	EndProjectSection
EndProject
Project("{9A19103F-16F7-4668-BE54-9A1E7A4F7556}") = "StartingItemsPicker", "StartingItemsPicker\StartingItemsPicker.csproj", "{9B7BBA3F-9990-4FCE-96F1-1A5DC8FAC000}"
EndProject
Project("{9A19103F-16F7-4668-BE54-9A1E7A4F7556}") = "DropItems", "DropItems\DropItems.csproj", "{926F1C2C-8887-4F2C-A109-393AE2BBBE62}"
EndProject
Project("{9A19103F-16F7-4668-BE54-9A1E7A4F7556}") = "ToolbotEquipmentSwap", "ToolbotEquipmentSwap\ToolbotEquipmentSwap.csproj", "{3E90B2F8-B961-4DD6-9175-B7591548B3F3}"
EndProject
Project("{9A19103F-16F7-4668-BE54-9A1E7A4F7556}") = "StartingSpeedBuff", "StartingSpeedBuff\StartingSpeedBuff.csproj", "{BE8C52F6-66CF-47D8-8CF0-21908004DE03}"
EndProject
Project("{9A19103F-16F7-4668-BE54-9A1E7A4F7556}") = "TabItemStats", "TabItemStats\TabItemStats.csproj", "{C0FF1CF5-D0FB-4365-9CF4-D4B696009349}"
EndProject
Project("{FAE04EC0-301F-11D3-BF4B-00C04F79EFBC}") = "MiscBalanceTweaks", "MiscBalanceTweaks\MiscBalanceTweaks.csproj", "{7593A1A7-166D-4FF4-BFBB-13E16B7ABCED}"
EndProject
Project("{FAE04EC0-301F-11D3-BF4B-00C04F79EFBC}") = "SoulLink", "SoulLink\SoulLink.csproj", "{E0474D96-223D-4993-8D42-F10B13A3824E}"
EndProject
Project("{9A19103F-16F7-4668-BE54-9A1E7A4F7556}") = "InventoryStats", "InventoryStats\InventoryStats.csproj", "{19F4238A-994A-4ABA-A1CF-81DA3647954E}"
EndProject
Project("{2150E333-8FDC-42A3-9474-1A3956D46DE8}") = "Solution Items", "Solution Items", "{1F14E90D-55D9-4433-B3F6-286ACBA26734}"
	ProjectSection(SolutionItems) = preProject
		.editorconfig = .editorconfig
	EndProjectSection
EndProject
Project("{9A19103F-16F7-4668-BE54-9A1E7A4F7556}") = "EngineerPlus", "EngineerPlus\EngineerPlus.csproj", "{FCF8B622-9626-4E9B-AD80-6BE9B70E4B20}"
EndProject
Project("{9A19103F-16F7-4668-BE54-9A1E7A4F7556}") = "PrefabInfoExporter", "PrefabInfoExporter\PrefabInfoExporter.csproj", "{51050863-653E-45B4-813B-C0119282B250}"
EndProject
Project("{9A19103F-16F7-4668-BE54-9A1E7A4F7556}") = "AIBlacklister", "AIBlacklister\AIBlacklister.csproj", "{F3A3C93C-7CF3-40C0-9D00-435581F6F2AD}"
EndProject
Project("{FAE04EC0-301F-11D3-BF4B-00C04F79EFBC}") = "ArtificerPrimFlamethrower", "ArtificerPrimFlamethrower\ArtificerPrimFlamethrower.csproj", "{9C78F957-8415-4F9B-92CA-9FDEA040859E}"
EndProject
Project("{FAE04EC0-301F-11D3-BF4B-00C04F79EFBC}") = "AllowLocalConnection", "AllowLocalConnection\AllowLocalConnection.csproj", "{3E4D512D-F338-4D88-8BD1-E3E5357AFA8D}"
EndProject
Project("{FAE04EC0-301F-11D3-BF4B-00C04F79EFBC}") = "ItemCountDisplay", "ItemCountDisplay\ItemCountDisplay.csproj", "{358613A3-C6E3-4A96-A2EF-5B6E06817B96}"
EndProject
Global
	GlobalSection(SolutionConfigurationPlatforms) = preSolution
		Debug|Any CPU = Debug|Any CPU
		Release|Any CPU = Release|Any CPU
	EndGlobalSection
	GlobalSection(ProjectConfigurationPlatforms) = postSolution
		{532A698C-4A64-432D-A691-0F7EEA355101}.Debug|Any CPU.ActiveCfg = Debug|Any CPU
		{532A698C-4A64-432D-A691-0F7EEA355101}.Debug|Any CPU.Build.0 = Debug|Any CPU
		{532A698C-4A64-432D-A691-0F7EEA355101}.Release|Any CPU.ActiveCfg = Release|Any CPU
		{532A698C-4A64-432D-A691-0F7EEA355101}.Release|Any CPU.Build.0 = Release|Any CPU
		{4B3E3219-7E0F-479B-A90D-BECB4FA5C649}.Debug|Any CPU.ActiveCfg = Debug|Any CPU
		{4B3E3219-7E0F-479B-A90D-BECB4FA5C649}.Debug|Any CPU.Build.0 = Debug|Any CPU
		{4B3E3219-7E0F-479B-A90D-BECB4FA5C649}.Release|Any CPU.ActiveCfg = Release|Any CPU
		{4B3E3219-7E0F-479B-A90D-BECB4FA5C649}.Release|Any CPU.Build.0 = Release|Any CPU
		{4821641A-8889-4642-BA7E-2B2458E06E21}.Debug|Any CPU.ActiveCfg = Debug|Any CPU
		{4821641A-8889-4642-BA7E-2B2458E06E21}.Debug|Any CPU.Build.0 = Debug|Any CPU
		{4821641A-8889-4642-BA7E-2B2458E06E21}.Release|Any CPU.ActiveCfg = Release|Any CPU
		{4821641A-8889-4642-BA7E-2B2458E06E21}.Release|Any CPU.Build.0 = Release|Any CPU
		{743F0BF8-3023-4185-8C72-E839139B2891}.Debug|Any CPU.ActiveCfg = Debug|Any CPU
		{743F0BF8-3023-4185-8C72-E839139B2891}.Debug|Any CPU.Build.0 = Debug|Any CPU
		{743F0BF8-3023-4185-8C72-E839139B2891}.Release|Any CPU.ActiveCfg = Release|Any CPU
		{743F0BF8-3023-4185-8C72-E839139B2891}.Release|Any CPU.Build.0 = Release|Any CPU
		{9B7BBA3F-9990-4FCE-96F1-1A5DC8FAC000}.Debug|Any CPU.ActiveCfg = Debug|Any CPU
		{9B7BBA3F-9990-4FCE-96F1-1A5DC8FAC000}.Debug|Any CPU.Build.0 = Debug|Any CPU
		{9B7BBA3F-9990-4FCE-96F1-1A5DC8FAC000}.Release|Any CPU.ActiveCfg = Release|Any CPU
		{9B7BBA3F-9990-4FCE-96F1-1A5DC8FAC000}.Release|Any CPU.Build.0 = Release|Any CPU
		{926F1C2C-8887-4F2C-A109-393AE2BBBE62}.Debug|Any CPU.ActiveCfg = Debug|Any CPU
		{926F1C2C-8887-4F2C-A109-393AE2BBBE62}.Debug|Any CPU.Build.0 = Debug|Any CPU
		{926F1C2C-8887-4F2C-A109-393AE2BBBE62}.Release|Any CPU.ActiveCfg = Release|Any CPU
		{926F1C2C-8887-4F2C-A109-393AE2BBBE62}.Release|Any CPU.Build.0 = Release|Any CPU
		{3E90B2F8-B961-4DD6-9175-B7591548B3F3}.Debug|Any CPU.ActiveCfg = Debug|Any CPU
		{3E90B2F8-B961-4DD6-9175-B7591548B3F3}.Debug|Any CPU.Build.0 = Debug|Any CPU
		{3E90B2F8-B961-4DD6-9175-B7591548B3F3}.Release|Any CPU.ActiveCfg = Release|Any CPU
		{3E90B2F8-B961-4DD6-9175-B7591548B3F3}.Release|Any CPU.Build.0 = Release|Any CPU
		{BE8C52F6-66CF-47D8-8CF0-21908004DE03}.Debug|Any CPU.ActiveCfg = Debug|Any CPU
		{BE8C52F6-66CF-47D8-8CF0-21908004DE03}.Debug|Any CPU.Build.0 = Debug|Any CPU
		{BE8C52F6-66CF-47D8-8CF0-21908004DE03}.Release|Any CPU.ActiveCfg = Release|Any CPU
		{BE8C52F6-66CF-47D8-8CF0-21908004DE03}.Release|Any CPU.Build.0 = Release|Any CPU
		{C0FF1CF5-D0FB-4365-9CF4-D4B696009349}.Debug|Any CPU.ActiveCfg = Debug|Any CPU
		{C0FF1CF5-D0FB-4365-9CF4-D4B696009349}.Debug|Any CPU.Build.0 = Debug|Any CPU
		{C0FF1CF5-D0FB-4365-9CF4-D4B696009349}.Release|Any CPU.ActiveCfg = Release|Any CPU
		{C0FF1CF5-D0FB-4365-9CF4-D4B696009349}.Release|Any CPU.Build.0 = Release|Any CPU
		{7593A1A7-166D-4FF4-BFBB-13E16B7ABCED}.Debug|Any CPU.ActiveCfg = Debug|Any CPU
		{7593A1A7-166D-4FF4-BFBB-13E16B7ABCED}.Debug|Any CPU.Build.0 = Debug|Any CPU
		{7593A1A7-166D-4FF4-BFBB-13E16B7ABCED}.Release|Any CPU.ActiveCfg = Release|Any CPU
		{7593A1A7-166D-4FF4-BFBB-13E16B7ABCED}.Release|Any CPU.Build.0 = Release|Any CPU
		{E0474D96-223D-4993-8D42-F10B13A3824E}.Debug|Any CPU.ActiveCfg = Debug|Any CPU
		{E0474D96-223D-4993-8D42-F10B13A3824E}.Debug|Any CPU.Build.0 = Debug|Any CPU
		{E0474D96-223D-4993-8D42-F10B13A3824E}.Release|Any CPU.ActiveCfg = Release|Any CPU
		{E0474D96-223D-4993-8D42-F10B13A3824E}.Release|Any CPU.Build.0 = Release|Any CPU
		{19F4238A-994A-4ABA-A1CF-81DA3647954E}.Debug|Any CPU.ActiveCfg = Debug|Any CPU
		{19F4238A-994A-4ABA-A1CF-81DA3647954E}.Debug|Any CPU.Build.0 = Debug|Any CPU
		{19F4238A-994A-4ABA-A1CF-81DA3647954E}.Release|Any CPU.ActiveCfg = Release|Any CPU
		{19F4238A-994A-4ABA-A1CF-81DA3647954E}.Release|Any CPU.Build.0 = Release|Any CPU
		{FCF8B622-9626-4E9B-AD80-6BE9B70E4B20}.Debug|Any CPU.ActiveCfg = Debug|Any CPU
		{FCF8B622-9626-4E9B-AD80-6BE9B70E4B20}.Debug|Any CPU.Build.0 = Debug|Any CPU
		{FCF8B622-9626-4E9B-AD80-6BE9B70E4B20}.Release|Any CPU.ActiveCfg = Release|Any CPU
		{FCF8B622-9626-4E9B-AD80-6BE9B70E4B20}.Release|Any CPU.Build.0 = Release|Any CPU
		{51050863-653E-45B4-813B-C0119282B250}.Debug|Any CPU.ActiveCfg = Debug|Any CPU
		{51050863-653E-45B4-813B-C0119282B250}.Debug|Any CPU.Build.0 = Debug|Any CPU
		{51050863-653E-45B4-813B-C0119282B250}.Release|Any CPU.ActiveCfg = Release|Any CPU
		{51050863-653E-45B4-813B-C0119282B250}.Release|Any CPU.Build.0 = Release|Any CPU
		{F3A3C93C-7CF3-40C0-9D00-435581F6F2AD}.Debug|Any CPU.ActiveCfg = Debug|Any CPU
		{F3A3C93C-7CF3-40C0-9D00-435581F6F2AD}.Debug|Any CPU.Build.0 = Debug|Any CPU
		{F3A3C93C-7CF3-40C0-9D00-435581F6F2AD}.Release|Any CPU.ActiveCfg = Release|Any CPU
		{F3A3C93C-7CF3-40C0-9D00-435581F6F2AD}.Release|Any CPU.Build.0 = Release|Any CPU
		{9C78F957-8415-4F9B-92CA-9FDEA040859E}.Debug|Any CPU.ActiveCfg = Debug|Any CPU
		{9C78F957-8415-4F9B-92CA-9FDEA040859E}.Debug|Any CPU.Build.0 = Debug|Any CPU
		{9C78F957-8415-4F9B-92CA-9FDEA040859E}.Release|Any CPU.ActiveCfg = Release|Any CPU
		{9C78F957-8415-4F9B-92CA-9FDEA040859E}.Release|Any CPU.Build.0 = Release|Any CPU
		{3E4D512D-F338-4D88-8BD1-E3E5357AFA8D}.Debug|Any CPU.ActiveCfg = Debug|Any CPU
		{3E4D512D-F338-4D88-8BD1-E3E5357AFA8D}.Debug|Any CPU.Build.0 = Debug|Any CPU
		{3E4D512D-F338-4D88-8BD1-E3E5357AFA8D}.Release|Any CPU.ActiveCfg = Release|Any CPU
		{3E4D512D-F338-4D88-8BD1-E3E5357AFA8D}.Release|Any CPU.Build.0 = Release|Any CPU
		{358613A3-C6E3-4A96-A2EF-5B6E06817B96}.Debug|Any CPU.ActiveCfg = Debug|Any CPU
		{358613A3-C6E3-4A96-A2EF-5B6E06817B96}.Debug|Any CPU.Build.0 = Debug|Any CPU
		{358613A3-C6E3-4A96-A2EF-5B6E06817B96}.Release|Any CPU.ActiveCfg = Release|Any CPU
		{358613A3-C6E3-4A96-A2EF-5B6E06817B96}.Release|Any CPU.Build.0 = Release|Any CPU
	EndGlobalSection
	GlobalSection(SolutionProperties) = preSolution
		HideSolutionNode = FALSE
	EndGlobalSection
	GlobalSection(ExtensibilityGlobals) = postSolution
		SolutionGuid = {3EF1BEF8-C0CD-4395-8F23-8863930147AB}
	EndGlobalSection
EndGlobal
